
Microsoft Visual Studio Solution File, Format Version 12.00
# Visual Studio Version 17
VisualStudioVersion = 17.4.33403.182
MinimumVisualStudioVersion = 10.0.40219.1
Project("{FAE04EC0-301F-11D3-BF4B-00C04F79EFBC}") = "ProyectoFinalWeb", "ProyectoFinalWeb\ProyectoFinalWeb.csproj", "{0E6E19F4-BF1C-4D1C-827B-46C9672940C9}"
EndProject
Global
	GlobalSection(SolutionConfigurationPlatforms) = preSolution
		Debug|Any CPU = Debug|Any CPU
		Release|Any CPU = Release|Any CPU
	EndGlobalSection
	GlobalSection(ProjectConfigurationPlatforms) = postSolution
		{0E6E19F4-BF1C-4D1C-827B-46C9672940C9}.Debug|Any CPU.ActiveCfg = Debug|Any CPU
		{0E6E19F4-BF1C-4D1C-827B-46C9672940C9}.Debug|Any CPU.Build.0 = Debug|Any CPU
		{0E6E19F4-BF1C-4D1C-827B-46C9672940C9}.Release|Any CPU.ActiveCfg = Release|Any CPU
		{0E6E19F4-BF1C-4D1C-827B-46C9672940C9}.Release|Any CPU.Build.0 = Release|Any CPU
	EndGlobalSection
	GlobalSection(SolutionProperties) = preSolution
		HideSolutionNode = FALSE
	EndGlobalSection
	GlobalSection(ExtensibilityGlobals) = postSolution
		SolutionGuid = {215CF615-C42C-4623-B5E2-1BCA1E51CCA4}
	EndGlobalSection
EndGlobal
